
Microsoft Visual Studio Solution File, Format Version 12.00
Project("{FAE04EC0-301F-11D3-BF4B-00C04F79EFBC}") = "LAB4-ZADANIE-ZALICZENIOWE", "LAB4-ZADANIE-ZALICZENIOWE\LAB4-ZADANIE-ZALICZENIOWE.csproj", "{3D42B517-874C-4F4D-9E7F-3986584245C5}"
EndProject
Global
	GlobalSection(SolutionConfigurationPlatforms) = preSolution
		Debug|Any CPU = Debug|Any CPU
		Release|Any CPU = Release|Any CPU
	EndGlobalSection
	GlobalSection(ProjectConfigurationPlatforms) = postSolution
		{3D42B517-874C-4F4D-9E7F-3986584245C5}.Debug|Any CPU.ActiveCfg = Debug|Any CPU
		{3D42B517-874C-4F4D-9E7F-3986584245C5}.Debug|Any CPU.Build.0 = Debug|Any CPU
		{3D42B517-874C-4F4D-9E7F-3986584245C5}.Release|Any CPU.ActiveCfg = Release|Any CPU
		{3D42B517-874C-4F4D-9E7F-3986584245C5}.Release|Any CPU.Build.0 = Release|Any CPU
	EndGlobalSection
EndGlobal
